<Solution>
  <Project Path="docker-compose.dcproj">
    <Build />
  </Project>
  <Project Path="PromiseModelOnline.Api.Tests/PromiseModelOnline.Api.Tests.csproj" />
  <Project Path="PromiseModelOnline.Api/PromiseModelOnline.Api.csproj" />
  <Project Path="PromiseModelOnline.Auth/PromiseModelOnline.Auth.csproj" />
  <Project Path="PromiseModelOnline.Client.Tests/PromiseModelOnline.Client.Tests.csproj" />
</Solution>
